
Microsoft Visual Studio Solution File, Format Version 12.00
# Visual Studio 2012
Project("{FAE04EC0-301F-11D3-BF4B-00C04F79EFBC}") = "Snowflake", "Snowflake\Snowflake.csproj", "{A964980D-9DF4-44F2-914E-FDEB000552D6}"
EndProject
Project("{FAE04EC0-301F-11D3-BF4B-00C04F79EFBC}") = "Snowflake.Tests", "Snowflake.Tests\Snowflake.Tests.csproj", "{FAEE4150-2873-49BC-BE3C-B514FF416064}"
EndProject
Global
	GlobalSection(SolutionConfigurationPlatforms) = preSolution
		Debug|Any CPU = Debug|Any CPU
		Release|Any CPU = Release|Any CPU
	EndGlobalSection
	GlobalSection(ProjectConfigurationPlatforms) = postSolution
		{A964980D-9DF4-44F2-914E-FDEB000552D6}.Debug|Any CPU.ActiveCfg = Debug|Any CPU
		{A964980D-9DF4-44F2-914E-FDEB000552D6}.Debug|Any CPU.Build.0 = Debug|Any CPU
		{A964980D-9DF4-44F2-914E-FDEB000552D6}.Release|Any CPU.ActiveCfg = Release|Any CPU
		{A964980D-9DF4-44F2-914E-FDEB000552D6}.Release|Any CPU.Build.0 = Release|Any CPU
		{FAEE4150-2873-49BC-BE3C-B514FF416064}.Debug|Any CPU.ActiveCfg = Debug|Any CPU
		{FAEE4150-2873-49BC-BE3C-B514FF416064}.Debug|Any CPU.Build.0 = Debug|Any CPU
		{FAEE4150-2873-49BC-BE3C-B514FF416064}.Release|Any CPU.ActiveCfg = Release|Any CPU
		{FAEE4150-2873-49BC-BE3C-B514FF416064}.Release|Any CPU.Build.0 = Release|Any CPU
	EndGlobalSection
	GlobalSection(SolutionProperties) = preSolution
		HideSolutionNode = FALSE
	EndGlobalSection
EndGlobal
